category: locks
slug: yale-linus-smart-lock
name: Yale Linus® Smart Lock
official_url: "https://yalehome.co.uk/linus-smart-lock-silver/"
amazon:
  url: "https://www.amazon.com/Yale-05-101200-SI-Keyless/dp/B08FMY6JTN"
  price: 0
  rating_average: 0
  rating_amount: 0
  best_seller_rank: 0
  best_seller_category: ""
  comments: []
integrations:
  apple_home_kit: true
  google_home: null
  open_hab: null
  home_assistant: null
  io_broker: null
pros: []
cons: []
excerpt: ""
long_description: ""
